{
  "object": {
    "pins": [
      {
        "package": "swift-argument-parser",
        "repositoryURL": "https://github.com/apple/swift-argument-parser",
        "state": {
          "branch": null,
          "revision": "83b23d940471b313427da226196661856f6ba3e0",
          "version": "0.4.4"
        }
      },
      {
        "package": "Benchmark",
        "repositoryURL": "https://github.com/MaxDesiatov/swift-benchmark",
        "state": {
          "branch": "swift-5.4-windows",
          "revision": "eb8039c621fbcee725105d045db7aa11d832edd3",
          "version": null
        }
      }
    ]
  },
  "version": 1
}
